
Microsoft Visual Studio Solution File, Format Version 12.00
# Visual Studio 15
VisualStudioVersion = 15.0.28307.421
MinimumVisualStudioVersion = 10.0.40219.1
Project("{FAE04EC0-301F-11D3-BF4B-00C04F79EFBC}") = "GarupaPico.Android", "GarupaPico\GarupaPico.Android\GarupaPico.Android.csproj", "{D2670258-BA3C-4D84-B35C-118BC67D24EB}"
EndProject
Project("{FAE04EC0-301F-11D3-BF4B-00C04F79EFBC}") = "GarupaPico.iOS", "GarupaPico\GarupaPico.iOS\GarupaPico.iOS.csproj", "{98CA84C2-3512-45CE-82B9-815111E97D1F}"
EndProject
Project("{FAE04EC0-301F-11D3-BF4B-00C04F79EFBC}") = "GarupaPico.UWP", "GarupaPico\GarupaPico.UWP\GarupaPico.UWP.csproj", "{158BE975-A786-4FB1-B1C1-36EA605B8F35}"
EndProject
Project("{FAE04EC0-301F-11D3-BF4B-00C04F79EFBC}") = "GarupaPico", "GarupaPico\GarupaPico\GarupaPico.csproj", "{62E0BBC8-ECE9-462A-9F85-5F91D4E7EA5F}"
EndProject
Global
	GlobalSection(SolutionConfigurationPlatforms) = preSolution
		Ad-Hoc|Any CPU = Ad-Hoc|Any CPU
		Ad-Hoc|ARM = Ad-Hoc|ARM
		Ad-Hoc|iPhone = Ad-Hoc|iPhone
		Ad-Hoc|iPhoneSimulator = Ad-Hoc|iPhoneSimulator
		Ad-Hoc|x64 = Ad-Hoc|x64
		Ad-Hoc|x86 = Ad-Hoc|x86
		AppStore|Any CPU = AppStore|Any CPU
		AppStore|ARM = AppStore|ARM
		AppStore|iPhone = AppStore|iPhone
		AppStore|iPhoneSimulator = AppStore|iPhoneSimulator
		AppStore|x64 = AppStore|x64
		AppStore|x86 = AppStore|x86
		Debug|Any CPU = Debug|Any CPU
		Debug|ARM = Debug|ARM
		Debug|iPhone = Debug|iPhone
		Debug|iPhoneSimulator = Debug|iPhoneSimulator
		Debug|x64 = Debug|x64
		Debug|x86 = Debug|x86
		Release|Any CPU = Release|Any CPU
		Release|ARM = Release|ARM
		Release|iPhone = Release|iPhone
		Release|iPhoneSimulator = Release|iPhoneSimulator
		Release|x64 = Release|x64
		Release|x86 = Release|x86
	EndGlobalSection
	GlobalSection(ProjectConfigurationPlatforms) = postSolution
		{D2670258-BA3C-4D84-B35C-118BC67D24EB}.Ad-Hoc|Any CPU.ActiveCfg = Release|Any CPU
		{D2670258-BA3C-4D84-B35C-118BC67D24EB}.Ad-Hoc|Any CPU.Build.0 = Release|Any CPU
		{D2670258-BA3C-4D84-B35C-118BC67D24EB}.Ad-Hoc|Any CPU.Deploy.0 = Release|Any CPU
		{D2670258-BA3C-4D84-B35C-118BC67D24EB}.Ad-Hoc|ARM.ActiveCfg = Release|Any CPU
		{D2670258-BA3C-4D84-B35C-118BC67D24EB}.Ad-Hoc|ARM.Build.0 = Release|Any CPU
		{D2670258-BA3C-4D84-B35C-118BC67D24EB}.Ad-Hoc|ARM.Deploy.0 = Release|Any CPU
		{D2670258-BA3C-4D84-B35C-118BC67D24EB}.Ad-Hoc|iPhone.ActiveCfg = Release|Any CPU
		{D2670258-BA3C-4D84-B35C-118BC67D24EB}.Ad-Hoc|iPhone.Build.0 = Release|Any CPU
		{D2670258-BA3C-4D84-B35C-118BC67D24EB}.Ad-Hoc|iPhone.Deploy.0 = Release|Any CPU
		{D2670258-BA3C-4D84-B35C-118BC67D24EB}.Ad-Hoc|iPhoneSimulator.ActiveCfg = Release|Any CPU
		{D2670258-BA3C-4D84-B35C-118BC67D24EB}.Ad-Hoc|iPhoneSimulator.Build.0 = Release|Any CPU
		{D2670258-BA3C-4D84-B35C-118BC67D24EB}.Ad-Hoc|iPhoneSimulator.Deploy.0 = Release|Any CPU
		{D2670258-BA3C-4D84-B35C-118BC67D24EB}.Ad-Hoc|x64.ActiveCfg = Release|Any CPU
		{D2670258-BA3C-4D84-B35C-118BC67D24EB}.Ad-Hoc|x64.Build.0 = Release|Any CPU
		{D2670258-BA3C-4D84-B35C-118BC67D24EB}.Ad-Hoc|x64.Deploy.0 = Release|Any CPU
		{D2670258-BA3C-4D84-B35C-118BC67D24EB}.Ad-Hoc|x86.ActiveCfg = Release|Any CPU
		{D2670258-BA3C-4D84-B35C-118BC67D24EB}.Ad-Hoc|x86.Build.0 = Release|Any CPU
		{D2670258-BA3C-4D84-B35C-118BC67D24EB}.Ad-Hoc|x86.Deploy.0 = Release|Any CPU
		{D2670258-BA3C-4D84-B35C-118BC67D24EB}.AppStore|Any CPU.ActiveCfg = Release|Any CPU
		{D2670258-BA3C-4D84-B35C-118BC67D24EB}.AppStore|Any CPU.Build.0 = Release|Any CPU
		{D2670258-BA3C-4D84-B35C-118BC67D24EB}.AppStore|Any CPU.Deploy.0 = Release|Any CPU
		{D2670258-BA3C-4D84-B35C-118BC67D24EB}.AppStore|ARM.ActiveCfg = Release|Any CPU
		{D2670258-BA3C-4D84-B35C-118BC67D24EB}.AppStore|ARM.Build.0 = Release|Any CPU
		{D2670258-BA3C-4D84-B35C-118BC67D24EB}.AppStore|ARM.Deploy.0 = Release|Any CPU
		{D2670258-BA3C-4D84-B35C-118BC67D24EB}.AppStore|iPhone.ActiveCfg = Release|Any CPU
		{D2670258-BA3C-4D84-B35C-118BC67D24EB}.AppStore|iPhone.Build.0 = Release|Any CPU
		{D2670258-BA3C-4D84-B35C-118BC67D24EB}.AppStore|iPhone.Deploy.0 = Release|Any CPU
		{D2670258-BA3C-4D84-B35C-118BC67D24EB}.AppStore|iPhoneSimulator.ActiveCfg = Release|Any CPU
		{D2670258-BA3C-4D84-B35C-118BC67D24EB}.AppStore|iPhoneSimulator.Build.0 = Release|Any CPU
		{D2670258-BA3C-4D84-B35C-118BC67D24EB}.AppStore|iPhoneSimulator.Deploy.0 = Release|Any CPU
		{D2670258-BA3C-4D84-B35C-118BC67D24EB}.AppStore|x64.ActiveCfg = Release|Any CPU
		{D2670258-BA3C-4D84-B35C-118BC67D24EB}.AppStore|x64.Build.0 = Release|Any CPU
		{D2670258-BA3C-4D84-B35C-118BC67D24EB}.AppStore|x64.Deploy.0 = Release|Any CPU
		{D2670258-BA3C-4D84-B35C-118BC67D24EB}.AppStore|x86.ActiveCfg = Release|Any CPU
		{D2670258-BA3C-4D84-B35C-118BC67D24EB}.AppStore|x86.Build.0 = Release|Any CPU
		{D2670258-BA3C-4D84-B35C-118BC67D24EB}.AppStore|x86.Deploy.0 = Release|Any CPU
		{D2670258-BA3C-4D84-B35C-118BC67D24EB}.Debug|Any CPU.ActiveCfg = Debug|Any CPU
		{D2670258-BA3C-4D84-B35C-118BC67D24EB}.Debug|Any CPU.Build.0 = Debug|Any CPU
		{D2670258-BA3C-4D84-B35C-118BC67D24EB}.Debug|Any CPU.Deploy.0 = Debug|Any CPU
		{D2670258-BA3C-4D84-B35C-118BC67D24EB}.Debug|ARM.ActiveCfg = Debug|Any CPU
		{D2670258-BA3C-4D84-B35C-118BC67D24EB}.Debug|ARM.Build.0 = Debug|Any CPU
		{D2670258-BA3C-4D84-B35C-118BC67D24EB}.Debug|ARM.Deploy.0 = Debug|Any CPU
		{D2670258-BA3C-4D84-B35C-118BC67D24EB}.Debug|iPhone.ActiveCfg = Debug|Any CPU
		{D2670258-BA3C-4D84-B35C-118BC67D24EB}.Debug|iPhone.Build.0 = Debug|Any CPU
		{D2670258-BA3C-4D84-B35C-118BC67D24EB}.Debug|iPhone.Deploy.0 = Debug|Any CPU
		{D2670258-BA3C-4D84-B35C-118BC67D24EB}.Debug|iPhoneSimulator.ActiveCfg = Debug|Any CPU
		{D2670258-BA3C-4D84-B35C-118BC67D24EB}.Debug|iPhoneSimulator.Build.0 = Debug|Any CPU
		{D2670258-BA3C-4D84-B35C-118BC67D24EB}.Debug|iPhoneSimulator.Deploy.0 = Debug|Any CPU
		{D2670258-BA3C-4D84-B35C-118BC67D24EB}.Debug|x64.ActiveCfg = Debug|Any CPU
		{D2670258-BA3C-4D84-B35C-118BC67D24EB}.Debug|x64.Build.0 = Debug|Any CPU
		{D2670258-BA3C-4D84-B35C-118BC67D24EB}.Debug|x64.Deploy.0 = Debug|Any CPU
		{D2670258-BA3C-4D84-B35C-118BC67D24EB}.Debug|x86.ActiveCfg = Debug|Any CPU
		{D2670258-BA3C-4D84-B35C-118BC67D24EB}.Debug|x86.Build.0 = Debug|Any CPU
		{D2670258-BA3C-4D84-B35C-118BC67D24EB}.Debug|x86.Deploy.0 = Debug|Any CPU
		{D2670258-BA3C-4D84-B35C-118BC67D24EB}.Release|Any CPU.ActiveCfg = Release|Any CPU
		{D2670258-BA3C-4D84-B35C-118BC67D24EB}.Release|Any CPU.Build.0 = Release|Any CPU
		{D2670258-BA3C-4D84-B35C-118BC67D24EB}.Release|Any CPU.Deploy.0 = Release|Any CPU
		{D2670258-BA3C-4D84-B35C-118BC67D24EB}.Release|ARM.ActiveCfg = Release|Any CPU
		{D2670258-BA3C-4D84-B35C-118BC67D24EB}.Release|ARM.Build.0 = Release|Any CPU
		{D2670258-BA3C-4D84-B35C-118BC67D24EB}.Release|ARM.Deploy.0 = Release|Any CPU
		{D2670258-BA3C-4D84-B35C-118BC67D24EB}.Release|iPhone.ActiveCfg = Release|Any CPU
		{D2670258-BA3C-4D84-B35C-118BC67D24EB}.Release|iPhone.Build.0 = Release|Any CPU
		{D2670258-BA3C-4D84-B35C-118BC67D24EB}.Release|iPhone.Deploy.0 = Release|Any CPU
		{D2670258-BA3C-4D84-B35C-118BC67D24EB}.Release|iPhoneSimulator.ActiveCfg = Release|Any CPU
		{D2670258-BA3C-4D84-B35C-118BC67D24EB}.Release|iPhoneSimulator.Build.0 = Release|Any CPU
		{D2670258-BA3C-4D84-B35C-118BC67D24EB}.Release|iPhoneSimulator.Deploy.0 = Release|Any CPU
		{D2670258-BA3C-4D84-B35C-118BC67D24EB}.Release|x64.ActiveCfg = Release|Any CPU
		{D2670258-BA3C-4D84-B35C-118BC67D24EB}.Release|x64.Build.0 = Release|Any CPU
		{D2670258-BA3C-4D84-B35C-118BC67D24EB}.Release|x64.Deploy.0 = Release|Any CPU
		{D2670258-BA3C-4D84-B35C-118BC67D24EB}.Release|x86.ActiveCfg = Release|Any CPU
		{D2670258-BA3C-4D84-B35C-118BC67D24EB}.Release|x86.Build.0 = Release|Any CPU
		{D2670258-BA3C-4D84-B35C-118BC67D24EB}.Release|x86.Deploy.0 = Release|Any CPU
		{98CA84C2-3512-45CE-82B9-815111E97D1F}.Ad-Hoc|Any CPU.ActiveCfg = Ad-Hoc|iPhone
		{98CA84C2-3512-45CE-82B9-815111E97D1F}.Ad-Hoc|Any CPU.Build.0 = Ad-Hoc|iPhone
		{98CA84C2-3512-45CE-82B9-815111E97D1F}.Ad-Hoc|Any CPU.Deploy.0 = Ad-Hoc|iPhone
		{98CA84C2-3512-45CE-82B9-815111E97D1F}.Ad-Hoc|ARM.ActiveCfg = Ad-Hoc|iPhone
		{98CA84C2-3512-45CE-82B9-815111E97D1F}.Ad-Hoc|ARM.Build.0 = Ad-Hoc|iPhone
		{98CA84C2-3512-45CE-82B9-815111E97D1F}.Ad-Hoc|ARM.Deploy.0 = Ad-Hoc|iPhone
		{98CA84C2-3512-45CE-82B9-815111E97D1F}.Ad-Hoc|iPhone.ActiveCfg = Ad-Hoc|iPhone
		{98CA84C2-3512-45CE-82B9-815111E97D1F}.Ad-Hoc|iPhone.Build.0 = Ad-Hoc|iPhone
		{98CA84C2-3512-45CE-82B9-815111E97D1F}.Ad-Hoc|iPhone.Deploy.0 = Ad-Hoc|iPhone
		{98CA84C2-3512-45CE-82B9-815111E97D1F}.Ad-Hoc|iPhoneSimulator.ActiveCfg = Ad-Hoc|iPhoneSimulator
		{98CA84C2-3512-45CE-82B9-815111E97D1F}.Ad-Hoc|iPhoneSimulator.Build.0 = Ad-Hoc|iPhoneSimulator
		{98CA84C2-3512-45CE-82B9-815111E97D1F}.Ad-Hoc|iPhoneSimulator.Deploy.0 = Ad-Hoc|iPhoneSimulator
		{98CA84C2-3512-45CE-82B9-815111E97D1F}.Ad-Hoc|x64.ActiveCfg = Ad-Hoc|iPhone
		{98CA84C2-3512-45CE-82B9-815111E97D1F}.Ad-Hoc|x64.Build.0 = Ad-Hoc|iPhone
		{98CA84C2-3512-45CE-82B9-815111E97D1F}.Ad-Hoc|x64.Deploy.0 = Ad-Hoc|iPhone
		{98CA84C2-3512-45CE-82B9-815111E97D1F}.Ad-Hoc|x86.ActiveCfg = Ad-Hoc|iPhone
		{98CA84C2-3512-45CE-82B9-815111E97D1F}.Ad-Hoc|x86.Build.0 = Ad-Hoc|iPhone
		{98CA84C2-3512-45CE-82B9-815111E97D1F}.Ad-Hoc|x86.Deploy.0 = Ad-Hoc|iPhone
		{98CA84C2-3512-45CE-82B9-815111E97D1F}.AppStore|Any CPU.ActiveCfg = AppStore|iPhone
		{98CA84C2-3512-45CE-82B9-815111E97D1F}.AppStore|Any CPU.Build.0 = AppStore|iPhone
		{98CA84C2-3512-45CE-82B9-815111E97D1F}.AppStore|Any CPU.Deploy.0 = AppStore|iPhone
		{98CA84C2-3512-45CE-82B9-815111E97D1F}.AppStore|ARM.ActiveCfg = AppStore|iPhone
		{98CA84C2-3512-45CE-82B9-815111E97D1F}.AppStore|ARM.Build.0 = AppStore|iPhone
		{98CA84C2-3512-45CE-82B9-815111E97D1F}.AppStore|ARM.Deploy.0 = AppStore|iPhone
		{98CA84C2-3512-45CE-82B9-815111E97D1F}.AppStore|iPhone.ActiveCfg = AppStore|iPhone
		{98CA84C2-3512-45CE-82B9-815111E97D1F}.AppStore|iPhone.Build.0 = AppStore|iPhone
		{98CA84C2-3512-45CE-82B9-815111E97D1F}.AppStore|iPhone.Deploy.0 = AppStore|iPhone
		{98CA84C2-3512-45CE-82B9-815111E97D1F}.AppStore|iPhoneSimulator.ActiveCfg = AppStore|iPhoneSimulator
		{98CA84C2-3512-45CE-82B9-815111E97D1F}.AppStore|iPhoneSimulator.Build.0 = AppStore|iPhoneSimulator
		{98CA84C2-3512-45CE-82B9-815111E97D1F}.AppStore|iPhoneSimulator.Deploy.0 = AppStore|iPhoneSimulator
		{98CA84C2-3512-45CE-82B9-815111E97D1F}.AppStore|x64.ActiveCfg = AppStore|iPhone
		{98CA84C2-3512-45CE-82B9-815111E97D1F}.AppStore|x64.Build.0 = AppStore|iPhone
		{98CA84C2-3512-45CE-82B9-815111E97D1F}.AppStore|x64.Deploy.0 = AppStore|iPhone
		{98CA84C2-3512-45CE-82B9-815111E97D1F}.AppStore|x86.ActiveCfg = AppStore|iPhone
		{98CA84C2-3512-45CE-82B9-815111E97D1F}.AppStore|x86.Build.0 = AppStore|iPhone
		{98CA84C2-3512-45CE-82B9-815111E97D1F}.AppStore|x86.Deploy.0 = AppStore|iPhone
		{98CA84C2-3512-45CE-82B9-815111E97D1F}.Debug|Any CPU.ActiveCfg = Debug|iPhoneSimulator
		{98CA84C2-3512-45CE-82B9-815111E97D1F}.Debug|Any CPU.Build.0 = Debug|iPhoneSimulator
		{98CA84C2-3512-45CE-82B9-815111E97D1F}.Debug|Any CPU.Deploy.0 = Debug|iPhoneSimulator
		{98CA84C2-3512-45CE-82B9-815111E97D1F}.Debug|ARM.ActiveCfg = Debug|iPhone
		{98CA84C2-3512-45CE-82B9-815111E97D1F}.Debug|ARM.Build.0 = Debug|iPhone
		{98CA84C2-3512-45CE-82B9-815111E97D1F}.Debug|ARM.Deploy.0 = Debug|iPhone
		{98CA84C2-3512-45CE-82B9-815111E97D1F}.Debug|iPhone.ActiveCfg = Debug|iPhone
		{98CA84C2-3512-45CE-82B9-815111E97D1F}.Debug|iPhone.Build.0 = Debug|iPhone
		{98CA84C2-3512-45CE-82B9-815111E97D1F}.Debug|iPhone.Deploy.0 = Debug|iPhone
		{98CA84C2-3512-45CE-82B9-815111E97D1F}.Debug|iPhoneSimulator.ActiveCfg = Debug|iPhoneSimulator
		{98CA84C2-3512-45CE-82B9-815111E97D1F}.Debug|iPhoneSimulator.Build.0 = Debug|iPhoneSimulator
		{98CA84C2-3512-45CE-82B9-815111E97D1F}.Debug|iPhoneSimulator.Deploy.0 = Debug|iPhoneSimulator
		{98CA84C2-3512-45CE-82B9-815111E97D1F}.Debug|x64.ActiveCfg = Debug|iPhone
		{98CA84C2-3512-45CE-82B9-815111E97D1F}.Debug|x64.Build.0 = Debug|iPhone
		{98CA84C2-3512-45CE-82B9-815111E97D1F}.Debug|x64.Deploy.0 = Debug|iPhone
		{98CA84C2-3512-45CE-82B9-815111E97D1F}.Debug|x86.ActiveCfg = Debug|iPhone
		{98CA84C2-3512-45CE-82B9-815111E97D1F}.Debug|x86.Build.0 = Debug|iPhone
		{98CA84C2-3512-45CE-82B9-815111E97D1F}.Debug|x86.Deploy.0 = Debug|iPhone
		{98CA84C2-3512-45CE-82B9-815111E97D1F}.Release|Any CPU.ActiveCfg = Release|iPhone
		{98CA84C2-3512-45CE-82B9-815111E97D1F}.Release|Any CPU.Build.0 = Release|iPhone
		{98CA84C2-3512-45CE-82B9-815111E97D1F}.Release|Any CPU.Deploy.0 = Release|iPhone
		{98CA84C2-3512-45CE-82B9-815111E97D1F}.Release|ARM.ActiveCfg = Release|iPhone
		{98CA84C2-3512-45CE-82B9-815111E97D1F}.Release|ARM.Build.0 = Release|iPhone
		{98CA84C2-3512-45CE-82B9-815111E97D1F}.Release|ARM.Deploy.0 = Release|iPhone
		{98CA84C2-3512-45CE-82B9-815111E97D1F}.Release|iPhone.ActiveCfg = Release|iPhone
		{98CA84C2-3512-45CE-82B9-815111E97D1F}.Release|iPhone.Build.0 = Release|iPhone
		{98CA84C2-3512-45CE-82B9-815111E97D1F}.Release|iPhone.Deploy.0 = Release|iPhone
		{98CA84C2-3512-45CE-82B9-815111E97D1F}.Release|iPhoneSimulator.ActiveCfg = Release|iPhoneSimulator
		{98CA84C2-3512-45CE-82B9-815111E97D1F}.Release|iPhoneSimulator.Build.0 = Release|iPhoneSimulator
		{98CA84C2-3512-45CE-82B9-815111E97D1F}.Release|iPhoneSimulator.Deploy.0 = Release|iPhoneSimulator
		{98CA84C2-3512-45CE-82B9-815111E97D1F}.Release|x64.ActiveCfg = Release|iPhone
		{98CA84C2-3512-45CE-82B9-815111E97D1F}.Release|x64.Build.0 = Release|iPhone
		{98CA84C2-3512-45CE-82B9-815111E97D1F}.Release|x64.Deploy.0 = Release|iPhone
		{98CA84C2-3512-45CE-82B9-815111E97D1F}.Release|x86.ActiveCfg = Release|iPhone
		{98CA84C2-3512-45CE-82B9-815111E97D1F}.Release|x86.Build.0 = Release|iPhone
		{98CA84C2-3512-45CE-82B9-815111E97D1F}.Release|x86.Deploy.0 = Release|iPhone
		{158BE975-A786-4FB1-B1C1-36EA605B8F35}.Ad-Hoc|Any CPU.ActiveCfg = Release|x86
		{158BE975-A786-4FB1-B1C1-36EA605B8F35}.Ad-Hoc|Any CPU.Build.0 = Release|x86
		{158BE975-A786-4FB1-B1C1-36EA605B8F35}.Ad-Hoc|Any CPU.Deploy.0 = Release|x86
		{158BE975-A786-4FB1-B1C1-36EA605B8F35}.Ad-Hoc|ARM.ActiveCfg = Release|ARM
		{158BE975-A786-4FB1-B1C1-36EA605B8F35}.Ad-Hoc|ARM.Build.0 = Release|ARM
		{158BE975-A786-4FB1-B1C1-36EA605B8F35}.Ad-Hoc|ARM.Deploy.0 = Release|ARM
		{158BE975-A786-4FB1-B1C1-36EA605B8F35}.Ad-Hoc|iPhone.ActiveCfg = Release|x86
		{158BE975-A786-4FB1-B1C1-36EA605B8F35}.Ad-Hoc|iPhone.Build.0 = Release|x86
		{158BE975-A786-4FB1-B1C1-36EA605B8F35}.Ad-Hoc|iPhone.Deploy.0 = Release|x86
		{158BE975-A786-4FB1-B1C1-36EA605B8F35}.Ad-Hoc|iPhoneSimulator.ActiveCfg = Release|x86
		{158BE975-A786-4FB1-B1C1-36EA605B8F35}.Ad-Hoc|iPhoneSimulator.Build.0 = Release|x86
		{158BE975-A786-4FB1-B1C1-36EA605B8F35}.Ad-Hoc|iPhoneSimulator.Deploy.0 = Release|x86
		{158BE975-A786-4FB1-B1C1-36EA605B8F35}.Ad-Hoc|x64.ActiveCfg = Release|x64
		{158BE975-A786-4FB1-B1C1-36EA605B8F35}.Ad-Hoc|x64.Build.0 = Release|x64
		{158BE975-A786-4FB1-B1C1-36EA605B8F35}.Ad-Hoc|x64.Deploy.0 = Release|x64
		{158BE975-A786-4FB1-B1C1-36EA605B8F35}.Ad-Hoc|x86.ActiveCfg = Release|x86
		{158BE975-A786-4FB1-B1C1-36EA605B8F35}.Ad-Hoc|x86.Build.0 = Release|x86
		{158BE975-A786-4FB1-B1C1-36EA605B8F35}.Ad-Hoc|x86.Deploy.0 = Release|x86
		{158BE975-A786-4FB1-B1C1-36EA605B8F35}.AppStore|Any CPU.ActiveCfg = Release|x86
		{158BE975-A786-4FB1-B1C1-36EA605B8F35}.AppStore|Any CPU.Build.0 = Release|x86
		{158BE975-A786-4FB1-B1C1-36EA605B8F35}.AppStore|Any CPU.Deploy.0 = Release|x86
		{158BE975-A786-4FB1-B1C1-36EA605B8F35}.AppStore|ARM.ActiveCfg = Release|ARM
		{158BE975-A786-4FB1-B1C1-36EA605B8F35}.AppStore|ARM.Build.0 = Release|ARM
		{158BE975-A786-4FB1-B1C1-36EA605B8F35}.AppStore|ARM.Deploy.0 = Release|ARM
		{158BE975-A786-4FB1-B1C1-36EA605B8F35}.AppStore|iPhone.ActiveCfg = Release|x86
		{158BE975-A786-4FB1-B1C1-36EA605B8F35}.AppStore|iPhone.Build.0 = Release|x86
		{158BE975-A786-4FB1-B1C1-36EA605B8F35}.AppStore|iPhone.Deploy.0 = Release|x86
		{158BE975-A786-4FB1-B1C1-36EA605B8F35}.AppStore|iPhoneSimulator.ActiveCfg = Release|x86
		{158BE975-A786-4FB1-B1C1-36EA605B8F35}.AppStore|iPhoneSimulator.Build.0 = Release|x86
		{158BE975-A786-4FB1-B1C1-36EA605B8F35}.AppStore|iPhoneSimulator.Deploy.0 = Release|x86
		{158BE975-A786-4FB1-B1C1-36EA605B8F35}.AppStore|x64.ActiveCfg = Release|x64
		{158BE975-A786-4FB1-B1C1-36EA605B8F35}.AppStore|x64.Build.0 = Release|x64
		{158BE975-A786-4FB1-B1C1-36EA605B8F35}.AppStore|x64.Deploy.0 = Release|x64
		{158BE975-A786-4FB1-B1C1-36EA605B8F35}.AppStore|x86.ActiveCfg = Release|x86
		{158BE975-A786-4FB1-B1C1-36EA605B8F35}.AppStore|x86.Build.0 = Release|x86
		{158BE975-A786-4FB1-B1C1-36EA605B8F35}.AppStore|x86.Deploy.0 = Release|x86
		{158BE975-A786-4FB1-B1C1-36EA605B8F35}.Debug|Any CPU.ActiveCfg = Debug|x86
		{158BE975-A786-4FB1-B1C1-36EA605B8F35}.Debug|Any CPU.Build.0 = Debug|x86
		{158BE975-A786-4FB1-B1C1-36EA605B8F35}.Debug|Any CPU.Deploy.0 = Debug|x86
		{158BE975-A786-4FB1-B1C1-36EA605B8F35}.Debug|ARM.ActiveCfg = Debug|ARM
		{158BE975-A786-4FB1-B1C1-36EA605B8F35}.Debug|ARM.Build.0 = Debug|ARM
		{158BE975-A786-4FB1-B1C1-36EA605B8F35}.Debug|ARM.Deploy.0 = Debug|ARM
		{158BE975-A786-4FB1-B1C1-36EA605B8F35}.Debug|iPhone.ActiveCfg = Debug|x86
		{158BE975-A786-4FB1-B1C1-36EA605B8F35}.Debug|iPhone.Build.0 = Debug|x86
		{158BE975-A786-4FB1-B1C1-36EA605B8F35}.Debug|iPhone.Deploy.0 = Debug|x86
		{158BE975-A786-4FB1-B1C1-36EA605B8F35}.Debug|iPhoneSimulator.ActiveCfg = Debug|x86
		{158BE975-A786-4FB1-B1C1-36EA605B8F35}.Debug|iPhoneSimulator.Build.0 = Debug|x86
		{158BE975-A786-4FB1-B1C1-36EA605B8F35}.Debug|iPhoneSimulator.Deploy.0 = Debug|x86
		{158BE975-A786-4FB1-B1C1-36EA605B8F35}.Debug|x64.ActiveCfg = Debug|x64
		{158BE975-A786-4FB1-B1C1-36EA605B8F35}.Debug|x64.Build.0 = Debug|x64
		{158BE975-A786-4FB1-B1C1-36EA605B8F35}.Debug|x64.Deploy.0 = Debug|x64
		{158BE975-A786-4FB1-B1C1-36EA605B8F35}.Debug|x86.ActiveCfg = Debug|x86
		{158BE975-A786-4FB1-B1C1-36EA605B8F35}.Debug|x86.Build.0 = Debug|x86
		{158BE975-A786-4FB1-B1C1-36EA605B8F35}.Debug|x86.Deploy.0 = Debug|x86
		{158BE975-A786-4FB1-B1C1-36EA605B8F35}.Release|Any CPU.ActiveCfg = Release|x86
		{158BE975-A786-4FB1-B1C1-36EA605B8F35}.Release|Any CPU.Build.0 = Release|x86
		{158BE975-A786-4FB1-B1C1-36EA605B8F35}.Release|Any CPU.Deploy.0 = Release|x86
		{158BE975-A786-4FB1-B1C1-36EA605B8F35}.Release|ARM.ActiveCfg = Release|ARM
		{158BE975-A786-4FB1-B1C1-36EA605B8F35}.Release|ARM.Build.0 = Release|ARM
		{158BE975-A786-4FB1-B1C1-36EA605B8F35}.Release|ARM.Deploy.0 = Release|ARM
		{158BE975-A786-4FB1-B1C1-36EA605B8F35}.Release|iPhone.ActiveCfg = Release|x86
		{158BE975-A786-4FB1-B1C1-36EA605B8F35}.Release|iPhone.Build.0 = Release|x86
		{158BE975-A786-4FB1-B1C1-36EA605B8F35}.Release|iPhone.Deploy.0 = Release|x86
		{158BE975-A786-4FB1-B1C1-36EA605B8F35}.Release|iPhoneSimulator.ActiveCfg = Release|x86
		{158BE975-A786-4FB1-B1C1-36EA605B8F35}.Release|iPhoneSimulator.Build.0 = Release|x86
		{158BE975-A786-4FB1-B1C1-36EA605B8F35}.Release|iPhoneSimulator.Deploy.0 = Release|x86
		{158BE975-A786-4FB1-B1C1-36EA605B8F35}.Release|x64.ActiveCfg = Release|x64
		{158BE975-A786-4FB1-B1C1-36EA605B8F35}.Release|x64.Build.0 = Release|x64
		{158BE975-A786-4FB1-B1C1-36EA605B8F35}.Release|x64.Deploy.0 = Release|x64
		{158BE975-A786-4FB1-B1C1-36EA605B8F35}.Release|x86.ActiveCfg = Release|x86
		{158BE975-A786-4FB1-B1C1-36EA605B8F35}.Release|x86.Build.0 = Release|x86
		{158BE975-A786-4FB1-B1C1-36EA605B8F35}.Release|x86.Deploy.0 = Release|x86
		{62E0BBC8-ECE9-462A-9F85-5F91D4E7EA5F}.Ad-Hoc|Any CPU.ActiveCfg = Debug|Any CPU
		{62E0BBC8-ECE9-462A-9F85-5F91D4E7EA5F}.Ad-Hoc|Any CPU.Build.0 = Debug|Any CPU
		{62E0BBC8-ECE9-462A-9F85-5F91D4E7EA5F}.Ad-Hoc|Any CPU.Deploy.0 = Debug|Any CPU
		{62E0BBC8-ECE9-462A-9F85-5F91D4E7EA5F}.Ad-Hoc|ARM.ActiveCfg = Debug|Any CPU
		{62E0BBC8-ECE9-462A-9F85-5F91D4E7EA5F}.Ad-Hoc|ARM.Build.0 = Debug|Any CPU
		{62E0BBC8-ECE9-462A-9F85-5F91D4E7EA5F}.Ad-Hoc|ARM.Deploy.0 = Debug|Any CPU
		{62E0BBC8-ECE9-462A-9F85-5F91D4E7EA5F}.Ad-Hoc|iPhone.ActiveCfg = Debug|Any CPU
		{62E0BBC8-ECE9-462A-9F85-5F91D4E7EA5F}.Ad-Hoc|iPhone.Build.0 = Debug|Any CPU
		{62E0BBC8-ECE9-462A-9F85-5F91D4E7EA5F}.Ad-Hoc|iPhone.Deploy.0 = Debug|Any CPU
		{62E0BBC8-ECE9-462A-9F85-5F91D4E7EA5F}.Ad-Hoc|iPhoneSimulator.ActiveCfg = Debug|Any CPU
		{62E0BBC8-ECE9-462A-9F85-5F91D4E7EA5F}.Ad-Hoc|iPhoneSimulator.Build.0 = Debug|Any CPU
		{62E0BBC8-ECE9-462A-9F85-5F91D4E7EA5F}.Ad-Hoc|iPhoneSimulator.Deploy.0 = Debug|Any CPU
		{62E0BBC8-ECE9-462A-9F85-5F91D4E7EA5F}.Ad-Hoc|x64.ActiveCfg = Debug|Any CPU
		{62E0BBC8-ECE9-462A-9F85-5F91D4E7EA5F}.Ad-Hoc|x64.Build.0 = Debug|Any CPU
		{62E0BBC8-ECE9-462A-9F85-5F91D4E7EA5F}.Ad-Hoc|x64.Deploy.0 = Debug|Any CPU
		{62E0BBC8-ECE9-462A-9F85-5F91D4E7EA5F}.Ad-Hoc|x86.ActiveCfg = Debug|Any CPU
		{62E0BBC8-ECE9-462A-9F85-5F91D4E7EA5F}.Ad-Hoc|x86.Build.0 = Debug|Any CPU
		{62E0BBC8-ECE9-462A-9F85-5F91D4E7EA5F}.Ad-Hoc|x86.Deploy.0 = Debug|Any CPU
		{62E0BBC8-ECE9-462A-9F85-5F91D4E7EA5F}.AppStore|Any CPU.ActiveCfg = Debug|Any CPU
		{62E0BBC8-ECE9-462A-9F85-5F91D4E7EA5F}.AppStore|Any CPU.Build.0 = Debug|Any CPU
		{62E0BBC8-ECE9-462A-9F85-5F91D4E7EA5F}.AppStore|Any CPU.Deploy.0 = Debug|Any CPU
		{62E0BBC8-ECE9-462A-9F85-5F91D4E7EA5F}.AppStore|ARM.ActiveCfg = Debug|Any CPU
		{62E0BBC8-ECE9-462A-9F85-5F91D4E7EA5F}.AppStore|ARM.Build.0 = Debug|Any CPU
		{62E0BBC8-ECE9-462A-9F85-5F91D4E7EA5F}.AppStore|ARM.Deploy.0 = Debug|Any CPU
		{62E0BBC8-ECE9-462A-9F85-5F91D4E7EA5F}.AppStore|iPhone.ActiveCfg = Debug|Any CPU
		{62E0BBC8-ECE9-462A-9F85-5F91D4E7EA5F}.AppStore|iPhone.Build.0 = Debug|Any CPU
		{62E0BBC8-ECE9-462A-9F85-5F91D4E7EA5F}.AppStore|iPhone.Deploy.0 = Debug|Any CPU
		{62E0BBC8-ECE9-462A-9F85-5F91D4E7EA5F}.AppStore|iPhoneSimulator.ActiveCfg = Debug|Any CPU
		{62E0BBC8-ECE9-462A-9F85-5F91D4E7EA5F}.AppStore|iPhoneSimulator.Build.0 = Debug|Any CPU
		{62E0BBC8-ECE9-462A-9F85-5F91D4E7EA5F}.AppStore|iPhoneSimulator.Deploy.0 = Debug|Any CPU
		{62E0BBC8-ECE9-462A-9F85-5F91D4E7EA5F}.AppStore|x64.ActiveCfg = Debug|Any CPU
		{62E0BBC8-ECE9-462A-9F85-5F91D4E7EA5F}.AppStore|x64.Build.0 = Debug|Any CPU
		{62E0BBC8-ECE9-462A-9F85-5F91D4E7EA5F}.AppStore|x64.Deploy.0 = Debug|Any CPU
		{62E0BBC8-ECE9-462A-9F85-5F91D4E7EA5F}.AppStore|x86.ActiveCfg = Debug|Any CPU
		{62E0BBC8-ECE9-462A-9F85-5F91D4E7EA5F}.AppStore|x86.Build.0 = Debug|Any CPU
		{62E0BBC8-ECE9-462A-9F85-5F91D4E7EA5F}.AppStore|x86.Deploy.0 = Debug|Any CPU
		{62E0BBC8-ECE9-462A-9F85-5F91D4E7EA5F}.Debug|Any CPU.ActiveCfg = Debug|Any CPU
		{62E0BBC8-ECE9-462A-9F85-5F91D4E7EA5F}.Debug|Any CPU.Build.0 = Debug|Any CPU
		{62E0BBC8-ECE9-462A-9F85-5F91D4E7EA5F}.Debug|Any CPU.Deploy.0 = Debug|Any CPU
		{62E0BBC8-ECE9-462A-9F85-5F91D4E7EA5F}.Debug|ARM.ActiveCfg = Debug|Any CPU
		{62E0BBC8-ECE9-462A-9F85-5F91D4E7EA5F}.Debug|ARM.Build.0 = Debug|Any CPU
		{62E0BBC8-ECE9-462A-9F85-5F91D4E7EA5F}.Debug|ARM.Deploy.0 = Debug|Any CPU
		{62E0BBC8-ECE9-462A-9F85-5F91D4E7EA5F}.Debug|iPhone.ActiveCfg = Debug|Any CPU
		{62E0BBC8-ECE9-462A-9F85-5F91D4E7EA5F}.Debug|iPhone.Build.0 = Debug|Any CPU
		{62E0BBC8-ECE9-462A-9F85-5F91D4E7EA5F}.Debug|iPhone.Deploy.0 = Debug|Any CPU
		{62E0BBC8-ECE9-462A-9F85-5F91D4E7EA5F}.Debug|iPhoneSimulator.ActiveCfg = Debug|Any CPU
		{62E0BBC8-ECE9-462A-9F85-5F91D4E7EA5F}.Debug|iPhoneSimulator.Build.0 = Debug|Any CPU
		{62E0BBC8-ECE9-462A-9F85-5F91D4E7EA5F}.Debug|iPhoneSimulator.Deploy.0 = Debug|Any CPU
		{62E0BBC8-ECE9-462A-9F85-5F91D4E7EA5F}.Debug|x64.ActiveCfg = Debug|Any CPU
		{62E0BBC8-ECE9-462A-9F85-5F91D4E7EA5F}.Debug|x64.Build.0 = Debug|Any CPU
		{62E0BBC8-ECE9-462A-9F85-5F91D4E7EA5F}.Debug|x64.Deploy.0 = Debug|Any CPU
		{62E0BBC8-ECE9-462A-9F85-5F91D4E7EA5F}.Debug|x86.ActiveCfg = Debug|Any CPU
		{62E0BBC8-ECE9-462A-9F85-5F91D4E7EA5F}.Debug|x86.Build.0 = Debug|Any CPU
		{62E0BBC8-ECE9-462A-9F85-5F91D4E7EA5F}.Debug|x86.Deploy.0 = Debug|Any CPU
		{62E0BBC8-ECE9-462A-9F85-5F91D4E7EA5F}.Release|Any CPU.ActiveCfg = Release|Any CPU
		{62E0BBC8-ECE9-462A-9F85-5F91D4E7EA5F}.Release|Any CPU.Build.0 = Release|Any CPU
		{62E0BBC8-ECE9-462A-9F85-5F91D4E7EA5F}.Release|Any CPU.Deploy.0 = Release|Any CPU
		{62E0BBC8-ECE9-462A-9F85-5F91D4E7EA5F}.Release|ARM.ActiveCfg = Release|Any CPU
		{62E0BBC8-ECE9-462A-9F85-5F91D4E7EA5F}.Release|ARM.Build.0 = Release|Any CPU
		{62E0BBC8-ECE9-462A-9F85-5F91D4E7EA5F}.Release|ARM.Deploy.0 = Release|Any CPU
		{62E0BBC8-ECE9-462A-9F85-5F91D4E7EA5F}.Release|iPhone.ActiveCfg = Release|Any CPU
		{62E0BBC8-ECE9-462A-9F85-5F91D4E7EA5F}.Release|iPhone.Build.0 = Release|Any CPU
		{62E0BBC8-ECE9-462A-9F85-5F91D4E7EA5F}.Release|iPhone.Deploy.0 = Release|Any CPU
		{62E0BBC8-ECE9-462A-9F85-5F91D4E7EA5F}.Release|iPhoneSimulator.ActiveCfg = Release|Any CPU
		{62E0BBC8-ECE9-462A-9F85-5F91D4E7EA5F}.Release|iPhoneSimulator.Build.0 = Release|Any CPU
		{62E0BBC8-ECE9-462A-9F85-5F91D4E7EA5F}.Release|iPhoneSimulator.Deploy.0 = Release|Any CPU
		{62E0BBC8-ECE9-462A-9F85-5F91D4E7EA5F}.Release|x64.ActiveCfg = Release|Any CPU
		{62E0BBC8-ECE9-462A-9F85-5F91D4E7EA5F}.Release|x64.Build.0 = Release|Any CPU
		{62E0BBC8-ECE9-462A-9F85-5F91D4E7EA5F}.Release|x64.Deploy.0 = Release|Any CPU
		{62E0BBC8-ECE9-462A-9F85-5F91D4E7EA5F}.Release|x86.ActiveCfg = Release|Any CPU
		{62E0BBC8-ECE9-462A-9F85-5F91D4E7EA5F}.Release|x86.Build.0 = Release|Any CPU
		{62E0BBC8-ECE9-462A-9F85-5F91D4E7EA5F}.Release|x86.Deploy.0 = Release|Any CPU
	EndGlobalSection
	GlobalSection(SolutionProperties) = preSolution
		HideSolutionNode = FALSE
	EndGlobalSection
	GlobalSection(ExtensibilityGlobals) = postSolution
		SolutionGuid = {D63D8FD5-974A-4B14-AD9D-15FF11148DDF}
	EndGlobalSection
EndGlobal
